
Microsoft Visual Studio Solution File, Format Version 12.00
# Visual Studio Version 16
VisualStudioVersion = 16.0.30011.22
MinimumVisualStudioVersion = 10.0.40219.1
Project("{FAE04EC0-301F-11D3-BF4B-00C04F79EFBC}") = "WebApplication1", "WebApplication1\WebApplication1.csproj", "{300FDB02-F588-4F5B-8780-D848CDE042B5}"
EndProject
Global
	GlobalSection(SolutionConfigurationPlatforms) = preSolution
		Debug|Any CPU = Debug|Any CPU
		Release|Any CPU = Release|Any CPU
	EndGlobalSection
	GlobalSection(ProjectConfigurationPlatforms) = postSolution
		{300FDB02-F588-4F5B-8780-D848CDE042B5}.Debug|Any CPU.ActiveCfg = Debug|Any CPU
		{300FDB02-F588-4F5B-8780-D848CDE042B5}.Debug|Any CPU.Build.0 = Debug|Any CPU
		{300FDB02-F588-4F5B-8780-D848CDE042B5}.Release|Any CPU.ActiveCfg = Release|Any CPU
		{300FDB02-F588-4F5B-8780-D848CDE042B5}.Release|Any CPU.Build.0 = Release|Any CPU
	EndGlobalSection
	GlobalSection(SolutionProperties) = preSolution
		HideSolutionNode = FALSE
	EndGlobalSection
	GlobalSection(ExtensibilityGlobals) = postSolution
		SolutionGuid = {57F0B026-3215-4646-BD22-4ECAA4569F03}
	EndGlobalSection
EndGlobal
